
Microsoft Visual Studio Solution File, Format Version 12.00
# Visual Studio 15
VisualStudioVersion = 15.0.27703.2018
MinimumVisualStudioVersion = 10.0.40219.1
Project("{FAE04EC0-301F-11D3-BF4B-00C04F79EFBC}") = "BF.Web", "BF.Web\BF.Web.csproj", "{4D8E5E71-FA48-4823-956E-759527881EBB}"
EndProject
Project("{FAE04EC0-301F-11D3-BF4B-00C04F79EFBC}") = "BF.Core", "BF.Core\BF.Core.csproj", "{EF0B5A77-DFFF-4A1F-B45A-1546DCE7C49A}"
EndProject
Project("{FAE04EC0-301F-11D3-BF4B-00C04F79EFBC}") = "BF.DAL", "BF.DAL\BF.DAL.csproj", "{47799AC5-0902-4B9D-AA73-AA3DC751283C}"
EndProject
Project("{FAE04EC0-301F-11D3-BF4B-00C04F79EFBC}") = "BF.Tests", "BF.Tests\BF.Tests.csproj", "{723AB6BF-CFD2-4A12-981F-CAB617CBF01B}"
EndProject
Project("{FAE04EC0-301F-11D3-BF4B-00C04F79EFBC}") = "BF.Abstractions", "BF.Abstractions\BF.Abstractions.csproj", "{06058A35-68D8-48A3-9DD3-3D11213FAAA4}"
EndProject
Global
	GlobalSection(SolutionConfigurationPlatforms) = preSolution
		Debug|Any CPU = Debug|Any CPU
		Release|Any CPU = Release|Any CPU
	EndGlobalSection
	GlobalSection(ProjectConfigurationPlatforms) = postSolution
		{4D8E5E71-FA48-4823-956E-759527881EBB}.Debug|Any CPU.ActiveCfg = Debug|Any CPU
		{4D8E5E71-FA48-4823-956E-759527881EBB}.Debug|Any CPU.Build.0 = Debug|Any CPU
		{4D8E5E71-FA48-4823-956E-759527881EBB}.Release|Any CPU.ActiveCfg = Release|Any CPU
		{4D8E5E71-FA48-4823-956E-759527881EBB}.Release|Any CPU.Build.0 = Release|Any CPU
		{EF0B5A77-DFFF-4A1F-B45A-1546DCE7C49A}.Debug|Any CPU.ActiveCfg = Debug|Any CPU
		{EF0B5A77-DFFF-4A1F-B45A-1546DCE7C49A}.Debug|Any CPU.Build.0 = Debug|Any CPU
		{EF0B5A77-DFFF-4A1F-B45A-1546DCE7C49A}.Release|Any CPU.ActiveCfg = Release|Any CPU
		{EF0B5A77-DFFF-4A1F-B45A-1546DCE7C49A}.Release|Any CPU.Build.0 = Release|Any CPU
		{47799AC5-0902-4B9D-AA73-AA3DC751283C}.Debug|Any CPU.ActiveCfg = Debug|Any CPU
		{47799AC5-0902-4B9D-AA73-AA3DC751283C}.Debug|Any CPU.Build.0 = Debug|Any CPU
		{47799AC5-0902-4B9D-AA73-AA3DC751283C}.Release|Any CPU.ActiveCfg = Release|Any CPU
		{47799AC5-0902-4B9D-AA73-AA3DC751283C}.Release|Any CPU.Build.0 = Release|Any CPU
		{723AB6BF-CFD2-4A12-981F-CAB617CBF01B}.Debug|Any CPU.ActiveCfg = Debug|Any CPU
		{723AB6BF-CFD2-4A12-981F-CAB617CBF01B}.Debug|Any CPU.Build.0 = Debug|Any CPU
		{723AB6BF-CFD2-4A12-981F-CAB617CBF01B}.Release|Any CPU.ActiveCfg = Release|Any CPU
		{723AB6BF-CFD2-4A12-981F-CAB617CBF01B}.Release|Any CPU.Build.0 = Release|Any CPU
		{06058A35-68D8-48A3-9DD3-3D11213FAAA4}.Debug|Any CPU.ActiveCfg = Debug|Any CPU
		{06058A35-68D8-48A3-9DD3-3D11213FAAA4}.Debug|Any CPU.Build.0 = Debug|Any CPU
		{06058A35-68D8-48A3-9DD3-3D11213FAAA4}.Release|Any CPU.ActiveCfg = Release|Any CPU
		{06058A35-68D8-48A3-9DD3-3D11213FAAA4}.Release|Any CPU.Build.0 = Release|Any CPU
	EndGlobalSection
	GlobalSection(SolutionProperties) = preSolution
		HideSolutionNode = FALSE
	EndGlobalSection
	GlobalSection(ExtensibilityGlobals) = postSolution
		SolutionGuid = {6D65682A-7062-453F-8490-51744E3E97F4}
	EndGlobalSection
EndGlobal
